// !$*UTF8*$!
{
	archiveVersion = 1;
	classes = {
	};
	objectVersion = 77;
	objects = {

/* Begin PBXBuildFile section */
		D236EB323062C1F7003C62A7 /* AppDelegate.swift in Sources */ = {isa = PBXBuildFile; fileRef = D236EB283062C1F7003C62A7 /* AppDelegate.swift */; };
		D236EB333062C1F7003C62A7 /* SceneDelegate.swift in Sources */ = {isa = PBXBuildFile; fileRef = D236EB2F3062C1F7003C62A7 /* SceneDelegate.swift */; };
		D236EB343062C1F7003C62A7 /* ViewController.swift in Sources */ = {isa = PBXBuildFile; fileRef = D236EB303062C1F7003C62A7 /* ViewController.swift */; };
		D236EB353062C1F7003C62A7 /* Assets.xcassets in Resources */ = {isa = PBXBuildFile; fileRef = D236EB293062C1F7003C62A7 /* Assets.xcassets */; };
		D236EB373062C1F7003C62A7 /* LaunchScreen.storyboard in Resources */ = {isa = PBXBuildFile; fileRef = D236EB2C3062C1F7003C62A7 /* LaunchScreen.storyboard */; };
		D236EB443062C3F5003C62A7 /* nssl0043.jpg in Resources */ = {isa = PBXBuildFile; fileRef = D236EB3D3062C3F5003C62A7 /* nssl0043.jpg */; };
		D236EB453062C3F5003C62A7 /* nssl0049.jpg in Resources */ = {isa = PBXBuildFile; fileRef = D236EB403062C3F5003C62A7 /* nssl0049.jpg */; };
		D236EB463062C3F5003C62A7 /* nssl0091.jpg in Resources */ = {isa = PBXBuildFile; fileRef = D236EB423062C3F5003C62A7 /* nssl0091.jpg */; };
		D236EB473062C3F5003C62A7 /* nssl0046.jpg in Resources */ = {isa = PBXBuildFile; fileRef = D236EB3F3062C3F5003C62A7 /* nssl0046.jpg */; };
		D236EB483062C3F5003C62A7 /* nssl0051.jpg in Resources */ = {isa = PBXBuildFile; fileRef = D236EB413062C3F5003C62A7 /* nssl0051.jpg */; };
		D236EB493062C3F5003C62A7 /* nssl0045.jpg in Resources */ = {isa = PBXBuildFile; fileRef = D236EB3E3062C3F5003C62A7 /* nssl0045.jpg */; };
		D236EB4A3062C3F5003C62A7 /* nssl0042.jpg in Resources */ = {isa = PBXBuildFile; fileRef = D236EB3C3062C3F5003C62A7 /* nssl0042.jpg */; };
		D236EB4B3062C3F5003C62A7 /* nssl0041.jpg in Resources */ = {isa = PBXBuildFile; fileRef = D236EB3B3062C3F5003C62A7 /* nssl0041.jpg */; };
		D236EB4C3062C3F5003C62A7 /* nssl0033.jpg in Resources */ = {isa = PBXBuildFile; fileRef = D236EB393062C3F5003C62A7 /* nssl0033.jpg */; };
		D236EB4D3062C3F5003C62A7 /* nssl0034.jpg in Resources */ = {isa = PBXBuildFile; fileRef = D236EB3A3062C3F5003C62A7 /* nssl0034.jpg */; };
		D236EB4F3062CCB8003C62A7 /* DetailViewController.swift in Sources */ = {isa = PBXBuildFile; fileRef = D236EB4E3062CCB8003C62A7 /* DetailViewController.swift */; };
/* End PBXBuildFile section */

/* Begin PBXFileReference section */
		D236EB103062C1ED003C62A7 /* StormViewer.app */ = {isa = PBXFileReference; explicitFileType = wrapper.application; includeInIndex = 0; path = StormViewer.app; sourceTree = BUILT_PRODUCTS_DIR; };
		D236EB283062C1F7003C62A7 /* AppDelegate.swift */ = {isa = PBXFileReference; lastKnownFileType = sourcecode.swift; path = AppDelegate.swift; sourceTree = "<group>"; };
		D236EB293062C1F7003C62A7 /* Assets.xcassets */ = {isa = PBXFileReference; lastKnownFileType = folder.assetcatalog; path = Assets.xcassets; sourceTree = "<group>"; };
		D236EB2A3062C1F7003C62A7 /* Info.plist */ = {isa = PBXFileReference; lastKnownFileType = text.plist.xml; path = Info.plist; sourceTree = "<group>"; };
		D236EB2B3062C1F7003C62A7 /* Base */ = {isa = PBXFileReference; lastKnownFileType = file.storyboard; name = Base; path = Base.lproj/LaunchScreen.storyboard; sourceTree = "<group>"; };
		D236EB2F3062C1F7003C62A7 /* SceneDelegate.swift */ = {isa = PBXFileReference; lastKnownFileType = sourcecode.swift; path = SceneDelegate.swift; sourceTree = "<group>"; };
		D236EB303062C1F7003C62A7 /* ViewController.swift */ = {isa = PBXFileReference; lastKnownFileType = sourcecode.swift; path = ViewController.swift; sourceTree = "<group>"; };
		D236EB393062C3F5003C62A7 /* nssl0033.jpg */ = {isa = PBXFileReference; lastKnownFileType = image.jpeg; path = nssl0033.jpg; sourceTree = "<group>"; };
		D236EB3A3062C3F5003C62A7 /* nssl0034.jpg */ = {isa = PBXFileReference; lastKnownFileType = image.jpeg; path = nssl0034.jpg; sourceTree = "<group>"; };
		D236EB3B3062C3F5003C62A7 /* nssl0041.jpg */ = {isa = PBXFileReference; lastKnownFileType = image.jpeg; path = nssl0041.jpg; sourceTree = "<group>"; };
		D236EB3C3062C3F5003C62A7 /* nssl0042.jpg */ = {isa = PBXFileReference; lastKnownFileType = image.jpeg; path = nssl0042.jpg; sourceTree = "<group>"; };
		D236EB3D3062C3F5003C62A7 /* nssl0043.jpg */ = {isa = PBXFileReference; lastKnownFileType = image.jpeg; path = nssl0043.jpg; sourceTree = "<group>"; };
		D236EB3E3062C3F5003C62A7 /* nssl0045.jpg */ = {isa = PBXFileReference; lastKnownFileType = image.jpeg; path = nssl0045.jpg; sourceTree = "<group>"; };
		D236EB3F3062C3F5003C62A7 /* nssl0046.jpg */ = {isa = PBXFileReference; lastKnownFileType = image.jpeg; path = nssl0046.jpg; sourceTree = "<group>"; };
		D236EB403062C3F5003C62A7 /* nssl0049.jpg */ = {isa = PBXFileReference; lastKnownFileType = image.jpeg; path = nssl0049.jpg; sourceTree = "<group>"; };
		D236EB413062C3F5003C62A7 /* nssl0051.jpg */ = {isa = PBXFileReference; lastKnownFileType = image.jpeg; path = nssl0051.jpg; sourceTree = "<group>"; };
		D236EB423062C3F5003C62A7 /* nssl0091.jpg */ = {isa = PBXFileReference; lastKnownFileType = image.jpeg; path = nssl0091.jpg; sourceTree = "<group>"; };
		D236EB4E3062CCB8003C62A7 /* DetailViewController.swift */ = {isa = PBXFileReference; lastKnownFileType = sourcecode.swift; path = DetailViewController.swift; sourceTree = "<group>"; };
/* End PBXFileReference section */

/* Begin PBXFrameworksBuildPhase section */
		D236EB0D3062C1ED003C62A7 /* Frameworks */ = {
			isa = PBXFrameworksBuildPhase;
			buildActionMask = 2147483647;
			files = (
			);
			runOnlyForDeploymentPostprocessing = 0;
		};
/* End PBXFrameworksBuildPhase section */

/* Begin PBXGroup section */
		D236EB073062C1ED003C62A7 = {
			isa = PBXGroup;
			children = (
				D236EB313062C1F7003C62A7 /* StormViewer */,
				D236EB113062C1ED003C62A7 /* Products */,
			);
			sourceTree = "<group>";
		};
		D236EB113062C1ED003C62A7 /* Products */ = {
			isa = PBXGroup;
			children = (
				D236EB103062C1ED003C62A7 /* StormViewer.app */,
			);
			name = Products;
			sourceTree = "<group>";
		};
		D236EB313062C1F7003C62A7 /* StormViewer */ = {
			isa = PBXGroup;
			children = (
				D236EB283062C1F7003C62A7 /* AppDelegate.swift */,
				D236EB2F3062C1F7003C62A7 /* SceneDelegate.swift */,
				D236EB303062C1F7003C62A7 /* ViewController.swift */,
				D236EB4E3062CCB8003C62A7 /* DetailViewController.swift */,
				D236EB293062C1F7003C62A7 /* Assets.xcassets */,
				D236EB2C3062C1F7003C62A7 /* LaunchScreen.storyboard */,
				D236EB2A3062C1F7003C62A7 /* Info.plist */,
				D236EB433062C3F5003C62A7 /* Content */,
			);
			path = StormViewer;
			sourceTree = "<group>";
		};
		D236EB433062C3F5003C62A7 /* Content */ = {
			isa = PBXGroup;
			children = (
				D236EB393062C3F5003C62A7 /* nssl0033.jpg */,
				D236EB3A3062C3F5003C62A7 /* nssl0034.jpg */,
				D236EB3B3062C3F5003C62A7 /* nssl0041.jpg */,
				D236EB3C3062C3F5003C62A7 /* nssl0042.jpg */,
				D236EB3D3062C3F5003C62A7 /* nssl0043.jpg */,
				D236EB3E3062C3F5003C62A7 /* nssl0045.jpg */,
				D236EB3F3062C3F5003C62A7 /* nssl0046.jpg */,
				D236EB403062C3F5003C62A7 /* nssl0049.jpg */,
				D236EB413062C3F5003C62A7 /* nssl0051.jpg */,
				D236EB423062C3F5003C62A7 /* nssl0091.jpg */,
			);
			path = Content;
			sourceTree = "<group>";
		};
/* End PBXGroup section */

/* Begin PBXNativeTarget section */
		D236EB0F3062C1ED003C62A7 /* StormViewer */ = {
			isa = PBXNativeTarget;
			buildConfigurationList = D236EB233062C1EF003C62A7 /* Build configuration list for PBXNativeTarget "StormViewer" */;
			buildPhases = (
				D236EB0C3062C1ED003C62A7 /* Sources */,
				D236EB0D3062C1ED003C62A7 /* Frameworks */,
				D236EB0E3062C1ED003C62A7 /* Resources */,
			);
			buildRules = (
			);
			dependencies = (
			);
			name = StormViewer;
			packageProductDependencies = (
			);
			productName = StormViewer;
			productReference = D236EB103062C1ED003C62A7 /* StormViewer.app */;
			productType = "com.apple.product-type.application";
		};
/* End PBXNativeTarget section */

/* Begin PBXProject section */
		D236EB083062C1ED003C62A7 /* Project object */ = {
			isa = PBXProject;
			attributes = {
				BuildIndependentTargetsInParallel = 1;
				LastSwiftUpdateCheck = 2660;
				LastUpgradeCheck = 2660;
				TargetAttributes = {
					D236EB0F3062C1ED003C62A7 = {
						CreatedOnToolsVersion = 26.6;
					};
				};
			};
			buildConfigurationList = D236EB0B3062C1ED003C62A7 /* Build configuration list for PBXProject "StormViewer" */;
			developmentRegion = en;
			hasScannedForEncodings = 0;
			knownRegions = (
				en,
				Base,
			);
			mainGroup = D236EB073062C1ED003C62A7;
			minimizedProjectReferenceProxies = 1;
			preferredProjectObjectVersion = 77;
			productRefGroup = D236EB113062C1ED003C62A7 /* Products */;
			projectDirPath = "";
			projectRoot = "";
			targets = (
				D236EB0F3062C1ED003C62A7 /* StormViewer */,
			);
		};
/* End PBXProject section */

/* Begin PBXResourcesBuildPhase section */
		D236EB0E3062C1ED003C62A7 /* Resources */ = {
			isa = PBXResourcesBuildPhase;
			buildActionMask = 2147483647;
			files = (
				D236EB353062C1F7003C62A7 /* Assets.xcassets in Resources */,
				D236EB443062C3F5003C62A7 /* nssl0043.jpg in Resources */,
				D236EB453062C3F5003C62A7 /* nssl0049.jpg in Resources */,
				D236EB463062C3F5003C62A7 /* nssl0091.jpg in Resources */,
				D236EB473062C3F5003C62A7 /* nssl0046.jpg in Resources */,
				D236EB483062C3F5003C62A7 /* nssl0051.jpg in Resources */,
				D236EB493062C3F5003C62A7 /* nssl0045.jpg in Resources */,
				D236EB4A3062C3F5003C62A7 /* nssl0042.jpg in Resources */,
				D236EB4B3062C3F5003C62A7 /* nssl0041.jpg in Resources */,
				D236EB4C3062C3F5003C62A7 /* nssl0033.jpg in Resources */,
				D236EB4D3062C3F5003C62A7 /* nssl0034.jpg in Resources */,
				D236EB373062C1F7003C62A7 /* LaunchScreen.storyboard in Resources */,
			);
			runOnlyForDeploymentPostprocessing = 0;
		};
/* End PBXResourcesBuildPhase section */

/* Begin PBXSourcesBuildPhase section */
		D236EB0C3062C1ED003C62A7 /* Sources */ = {
			isa = PBXSourcesBuildPhase;
			buildActionMask = 2147483647;
			files = (
				D236EB323062C1F7003C62A7 /* AppDelegate.swift in Sources */,
				D236EB333062C1F7003C62A7 /* SceneDelegate.swift in Sources */,
				D236EB343062C1F7003C62A7 /* ViewController.swift in Sources */,
				D236EB4F3062CCB8003C62A7 /* DetailViewController.swift in Sources */,
			);
			runOnlyForDeploymentPostprocessing = 0;
		};
/* End PBXSourcesBuildPhase section */

/* Begin PBXVariantGroup section */
		D236EB2C3062C1F7003C62A7 /* LaunchScreen.storyboard */ = {
			isa = PBXVariantGroup;
			children = (
				D236EB2B3062C1F7003C62A7 /* Base */,
			);
			name = LaunchScreen.storyboard;
			sourceTree = "<group>";
		};
/* End PBXVariantGroup section */

/* Begin XCBuildConfiguration section */
		D236EB243062C1EF003C62A7 /* Debug */ = {
			isa = XCBuildConfiguration;
			buildSettings = {
				ASSETCATALOG_COMPILER_APPICON_NAME = AppIcon;
				ASSETCATALOG_COMPILER_GLOBAL_ACCENT_COLOR_NAME = AccentColor;
				CODE_SIGN_STYLE = Automatic;
				CURRENT_PROJECT_VERSION = 1;
				GENERATE_INFOPLIST_FILE = YES;
				INFOPLIST_FILE = StormViewer/Info.plist;
				INFOPLIST_KEY_UIApplicationSupportsIndirectInputEvents = YES;
				INFOPLIST_KEY_UILaunchStoryboardName = LaunchScreen;
				INFOPLIST_KEY_UISupportedInterfaceOrientations = UIInterfaceOrientationPortrait;
				INFOPLIST_KEY_UISupportedInterfaceOrientations_iPad = "UIInterfaceOrientationLandscapeLeft UIInterfaceOrientationLandscapeRight UIInterfaceOrientationPortrait UIInterfaceOrientationPortraitUpsideDown";
				IPHONEOS_DEPLOYMENT_TARGET = 15.6;
				LD_RUNPATH_SEARCH_PATHS = (
					"$(inherited)",
					"@executable_path/Frameworks",
				);
				MARKETING_VERSION = 1.0;
				PRODUCT_BUNDLE_IDENTIFIER = com.yonghyeon.StormViewer;
				PRODUCT_NAME = "$(TARGET_NAME)";
				STRING_CATALOG_GENERATE_SYMBOLS = YES;
				SUPPORTED_PLATFORMS = "iphoneos iphonesimulator";
				SUPPORTS_MACCATALYST = NO;
				SUPPORTS_MAC_DESIGNED_FOR_IPHONE_IPAD = NO;
				SUPPORTS_XR_DESIGNED_FOR_IPHONE_IPAD = NO;
				SWIFT_APPROACHABLE_CONCURRENCY = YES;
				SWIFT_DEFAULT_ACTOR_ISOLATION = MainActor;
				SWIFT_EMIT_LOC_STRINGS = YES;
				SWIFT_UPCOMING_FEATURE_MEMBER_IMPORT_VISIBILITY = YES;
				SWIFT_VERSION = 5.0;
				TARGETED_DEVICE_FAMILY = 1;
			};
			name = Debug;
		};
		D236EB253062C1EF003C62A7 /* Release */ = {
			isa = XCBuildConfiguration;
			buildSettings = {
				ASSETCATALOG_COMPILER_APPICON_NAME = AppIcon;
				ASSETCATALOG_COMPILER_GLOBAL_ACCENT_COLOR_NAME = AccentColor;
				CODE_SIGN_STYLE = Automatic;
				CURRENT_PROJECT_VERSION = 1;
				GENERATE_INFOPLIST_FILE = YES;
				INFOPLIST_FILE = StormViewer/Info.plist;
				INFOPLIST_KEY_UIApplicationSupportsIndirectInputEvents = YES;
				INFOPLIST_KEY_UILaunchStoryboardName = LaunchScreen;
				INFOPLIST_KEY_UISupportedInterfaceOrientations = UIInterfaceOrientationPortrait;
				INFOPLIST_KEY_UISupportedInterfaceOrientations_iPad = "UIInterfaceOrientationLandscapeLeft UIInterfaceOrientationLandscapeRight UIInterfaceOrientationPortrait UIInterfaceOrientationPortraitUpsideDown";
				IPHONEOS_DEPLOYMENT_TARGET = 15.6;
				LD_RUNPATH_SEARCH_PATHS = (
					"$(inherited)",
					"@executable_path/Frameworks",
				);
				MARKETING_VERSION = 1.0;
				PRODUCT_BUNDLE_IDENTIFIER = com.yonghyeon.StormViewer;
				PRODUCT_NAME = "$(TARGET_NAME)";
				STRING_CATALOG_GENERATE_SYMBOLS = YES;
				SUPPORTED_PLATFORMS = "iphoneos iphonesimulator";
				SUPPORTS_MACCATALYST = NO;
				SUPPORTS_MAC_DESIGNED_FOR_IPHONE_IPAD = NO;
				SUPPORTS_XR_DESIGNED_FOR_IPHONE_IPAD = NO;
				SWIFT_APPROACHABLE_CONCURRENCY = YES;
				SWIFT_DEFAULT_ACTOR_ISOLATION = MainActor;
				SWIFT_EMIT_LOC_STRINGS = YES;
				SWIFT_UPCOMING_FEATURE_MEMBER_IMPORT_VISIBILITY = YES;
				SWIFT_VERSION = 5.0;
				TARGETED_DEVICE_FAMILY = 1;
			};
			name = Release;
		};
		D236EB263062C1EF003C62A7 /* Debug */ = {
			isa = XCBuildConfiguration;
			buildSettings = {
				ALWAYS_SEARCH_USER_PATHS = NO;
				ASSETCATALOG_COMPILER_GENERATE_SWIFT_ASSET_SYMBOL_EXTENSIONS = YES;
				CLANG_ANALYZER_NONNULL = YES;
				CLANG_ANALYZER_NUMBER_OBJECT_CONVERSION = YES_AGGRESSIVE;
				CLANG_CXX_LANGUAGE_STANDARD = "gnu++20";
				CLANG_ENABLE_MODULES = YES;
				CLANG_ENABLE_OBJC_ARC = YES;
				CLANG_ENABLE_OBJC_WEAK = YES;
				CLANG_WARN_BLOCK_CAPTURE_AUTORELEASING = YES;
				CLANG_WARN_BOOL_CONVERSION = YES;
				CLANG_WARN_COMMA = YES;
				CLANG_WARN_CONSTANT_CONVERSION = YES;
				CLANG_WARN_DEPRECATED_OBJC_IMPLEMENTATIONS = YES;
				CLANG_WARN_DIRECT_OBJC_ISA_USAGE = YES_ERROR;
				CLANG_WARN_DOCUMENTATION_COMMENTS = YES;
				CLANG_WARN_EMPTY_BODY = YES;
				CLANG_WARN_ENUM_CONVERSION = YES;
				CLANG_WARN_INFINITE_RECURSION = YES;
				CLANG_WARN_INT_CONVERSION = YES;
				CLANG_WARN_NON_LITERAL_NULL_CONVERSION = YES;
				CLANG_WARN_OBJC_IMPLICIT_RETAIN_SELF = YES;
				CLANG_WARN_OBJC_LITERAL_CONVERSION = YES;
				CLANG_WARN_OBJC_ROOT_CLASS = YES_ERROR;
				CLANG_WARN_QUOTED_INCLUDE_IN_FRAMEWORK_HEADER = YES;
				CLANG_WARN_RANGE_LOOP_ANALYSIS = YES;
				CLANG_WARN_STRICT_PROTOTYPES = YES;
				CLANG_WARN_SUSPICIOUS_MOVE = YES;
				CLANG_WARN_UNGUARDED_AVAILABILITY = YES_AGGRESSIVE;
				CLANG_WARN_UNREACHABLE_CODE = YES;
				CLANG_WARN__DUPLICATE_METHOD_MATCH = YES;
				COPY_PHASE_STRIP = NO;
				DEBUG_INFORMATION_FORMAT = dwarf;
				ENABLE_STRICT_OBJC_MSGSEND = YES;
				ENABLE_TESTABILITY = YES;
				ENABLE_USER_SCRIPT_SANDBOXING = YES;
				GCC_C_LANGUAGE_STANDARD = gnu17;
				GCC_DYNAMIC_NO_PIC = NO;
				GCC_NO_COMMON_BLOCKS = YES;
				GCC_OPTIMIZATION_LEVEL = 0;
				GCC_PREPROCESSOR_DEFINITIONS = (
					"DEBUG=1",
					"$(inherited)",
				);
				GCC_WARN_64_TO_32_BIT_CONVERSION = YES;
				GCC_WARN_ABOUT_RETURN_TYPE = YES_ERROR;
				GCC_WARN_UNDECLARED_SELECTOR = YES;
				GCC_WARN_UNINITIALIZED_AUTOS = YES_AGGRESSIVE;
				GCC_WARN_UNUSED_FUNCTION = YES;
				GCC_WARN_UNUSED_VARIABLE = YES;
				IPHONEOS_DEPLOYMENT_TARGET = 26.5;
				LOCALIZATION_PREFERS_STRING_CATALOGS = YES;
				MTL_ENABLE_DEBUG_INFO = INCLUDE_SOURCE;
				MTL_FAST_MATH = YES;
				ONLY_ACTIVE_ARCH = YES;
				SDKROOT = iphoneos;
				SWIFT_ACTIVE_COMPILATION_CONDITIONS = "DEBUG $(inherited)";
				SWIFT_OPTIMIZATION_LEVEL = "-Onone";
			};
			name = Debug;
		};
		D236EB273062C1EF003C62A7 /* Release */ = {
			isa = XCBuildConfiguration;
			buildSettings = {
				ALWAYS_SEARCH_USER_PATHS = NO;
				ASSETCATALOG_COMPILER_GENERATE_SWIFT_ASSET_SYMBOL_EXTENSIONS = YES;
				CLANG_ANALYZER_NONNULL = YES;
				CLANG_ANALYZER_NUMBER_OBJECT_CONVERSION = YES_AGGRESSIVE;
				CLANG_CXX_LANGUAGE_STANDARD = "gnu++20";
				CLANG_ENABLE_MODULES = YES;
				CLANG_ENABLE_OBJC_ARC = YES;
				CLANG_ENABLE_OBJC_WEAK = YES;
				CLANG_WARN_BLOCK_CAPTURE_AUTORELEASING = YES;
				CLANG_WARN_BOOL_CONVERSION = YES;
				CLANG_WARN_COMMA = YES;
				CLANG_WARN_CONSTANT_CONVERSION = YES;
				CLANG_WARN_DEPRECATED_OBJC_IMPLEMENTATIONS = YES;
				CLANG_WARN_DIRECT_OBJC_ISA_USAGE = YES_ERROR;
				CLANG_WARN_DOCUMENTATION_COMMENTS = YES;
				CLANG_WARN_EMPTY_BODY = YES;
				CLANG_WARN_ENUM_CONVERSION = YES;
				CLANG_WARN_INFINITE_RECURSION = YES;
				CLANG_WARN_INT_CONVERSION = YES;
				CLANG_WARN_NON_LITERAL_NULL_CONVERSION = YES;
				CLANG_WARN_OBJC_IMPLICIT_RETAIN_SELF = YES;
				CLANG_WARN_OBJC_LITERAL_CONVERSION = YES;
				CLANG_WARN_OBJC_ROOT_CLASS = YES_ERROR;
				CLANG_WARN_QUOTED_INCLUDE_IN_FRAMEWORK_HEADER = YES;
				CLANG_WARN_RANGE_LOOP_ANALYSIS = YES;
				CLANG_WARN_STRICT_PROTOTYPES = YES;
				CLANG_WARN_SUSPICIOUS_MOVE = YES;
				CLANG_WARN_UNGUARDED_AVAILABILITY = YES_AGGRESSIVE;
				CLANG_WARN_UNREACHABLE_CODE = YES;
				CLANG_WARN__DUPLICATE_METHOD_MATCH = YES;
				COPY_PHASE_STRIP = NO;
				DEBUG_INFORMATION_FORMAT = "dwarf-with-dsym";
				ENABLE_NS_ASSERTIONS = NO;
				ENABLE_STRICT_OBJC_MSGSEND = YES;
				ENABLE_USER_SCRIPT_SANDBOXING = YES;
				GCC_C_LANGUAGE_STANDARD = gnu17;
				GCC_NO_COMMON_BLOCKS = YES;
				GCC_WARN_64_TO_32_BIT_CONVERSION = YES;
				GCC_WARN_ABOUT_RETURN_TYPE = YES_ERROR;
				GCC_WARN_UNDECLARED_SELECTOR = YES;
				GCC_WARN_UNINITIALIZED_AUTOS = YES_AGGRESSIVE;
				GCC_WARN_UNUSED_FUNCTION = YES;
				GCC_WARN_UNUSED_VARIABLE = YES;
				IPHONEOS_DEPLOYMENT_TARGET = 26.5;
				LOCALIZATION_PREFERS_STRING_CATALOGS = YES;
				MTL_ENABLE_DEBUG_INFO = NO;
				MTL_FAST_MATH = YES;
				SDKROOT = iphoneos;
				SWIFT_COMPILATION_MODE = wholemodule;
				VALIDATE_PRODUCT = YES;
			};
			name = Release;
		};
/* End XCBuildConfiguration section */

/* Begin XCConfigurationList section */
		D236EB0B3062C1ED003C62A7 /* Build configuration list for PBXProject "StormViewer" */ = {
			isa = XCConfigurationList;
			buildConfigurations = (
				D236EB263062C1EF003C62A7 /* Debug */,
				D236EB273062C1EF003C62A7 /* Release */,
			);
			defaultConfigurationIsVisible = 0;
			defaultConfigurationName = Release;
		};
		D236EB233062C1EF003C62A7 /* Build configuration list for PBXNativeTarget "StormViewer" */ = {
			isa = XCConfigurationList;
			buildConfigurations = (
				D236EB243062C1EF003C62A7 /* Debug */,
				D236EB253062C1EF003C62A7 /* Release */,
			);
			defaultConfigurationIsVisible = 0;
			defaultConfigurationName = Release;
		};
/* End XCConfigurationList section */
	};
	rootObject = D236EB083062C1ED003C62A7 /* Project object */;
}
